
Microsoft Visual Studio Solution File, Format Version 12.00
# Visual Studio Version 17
VisualStudioVersion = 17.1.32319.34
MinimumVisualStudioVersion = 10.0.40219.1
Project("{8BC9CEB8-8B4A-11D0-8D11-00A0C91BC942}") = "Lesson19_Live", "Lesson19_Live.vcxproj", "{64704F91-7D17-40DC-8FCC-F0178EBCEB53}"
EndProject
Global
	GlobalSection(SolutionConfigurationPlatforms) = preSolution
		Debug|x64 = Debug|x64
		Debug|x86 = Debug|x86
		Release|x64 = Release|x64
		Release|x86 = Release|x86
	EndGlobalSection
	GlobalSection(ProjectConfigurationPlatforms) = postSolution
		{64704F91-7D17-40DC-8FCC-F0178EBCEB53}.Debug|x64.ActiveCfg = Debug|x64
		{64704F91-7D17-40DC-8FCC-F0178EBCEB53}.Debug|x64.Build.0 = Debug|x64
		{64704F91-7D17-40DC-8FCC-F0178EBCEB53}.Debug|x86.ActiveCfg = Debug|Win32
		{64704F91-7D17-40DC-8FCC-F0178EBCEB53}.Debug|x86.Build.0 = Debug|Win32
		{64704F91-7D17-40DC-8FCC-F0178EBCEB53}.Release|x64.ActiveCfg = Release|x64
		{64704F91-7D17-40DC-8FCC-F0178EBCEB53}.Release|x64.Build.0 = Release|x64
		{64704F91-7D17-40DC-8FCC-F0178EBCEB53}.Release|x86.ActiveCfg = Release|Win32
		{64704F91-7D17-40DC-8FCC-F0178EBCEB53}.Release|x86.Build.0 = Release|Win32
	EndGlobalSection
	GlobalSection(SolutionProperties) = preSolution
		HideSolutionNode = FALSE
	EndGlobalSection
	GlobalSection(ExtensibilityGlobals) = postSolution
		SolutionGuid = {04F34AFA-358D-4392-A4A5-4AE3D261B49D}
	EndGlobalSection
EndGlobal
